
Microsoft Visual Studio Solution File, Format Version 12.00
# Visual Studio Version 17
VisualStudioVersion = 17.7.34024.191
MinimumVisualStudioVersion = 10.0.40219.1
Project("{9A19103F-16F7-4668-BE54-9A1E7A4F7556}") = "Lab1", "Lab1.csproj", "{113E665C-92EE-4116-A436-A5E157AF65D3}"
EndProject
Project("{FAE04EC0-301F-11D3-BF4B-00C04F79EFBC}") = "Lab2", "..\Lab2\Lab2.csproj", "{382C7862-41B7-402D-A841-93D2922BAA00}"
EndProject
Global
	GlobalSection(SolutionConfigurationPlatforms) = preSolution
		Debug|Any CPU = Debug|Any CPU
		Release|Any CPU = Release|Any CPU
	EndGlobalSection
	GlobalSection(ProjectConfigurationPlatforms) = postSolution
		{113E665C-92EE-4116-A436-A5E157AF65D3}.Debug|Any CPU.ActiveCfg = Debug|Any CPU
		{113E665C-92EE-4116-A436-A5E157AF65D3}.Debug|Any CPU.Build.0 = Debug|Any CPU
		{113E665C-92EE-4116-A436-A5E157AF65D3}.Release|Any CPU.ActiveCfg = Release|Any CPU
		{113E665C-92EE-4116-A436-A5E157AF65D3}.Release|Any CPU.Build.0 = Release|Any CPU
		{382C7862-41B7-402D-A841-93D2922BAA00}.Debug|Any CPU.ActiveCfg = Debug|Any CPU
		{382C7862-41B7-402D-A841-93D2922BAA00}.Debug|Any CPU.Build.0 = Debug|Any CPU
		{382C7862-41B7-402D-A841-93D2922BAA00}.Release|Any CPU.ActiveCfg = Release|Any CPU
		{382C7862-41B7-402D-A841-93D2922BAA00}.Release|Any CPU.Build.0 = Release|Any CPU
	EndGlobalSection
	GlobalSection(SolutionProperties) = preSolution
		HideSolutionNode = FALSE
	EndGlobalSection
	GlobalSection(ExtensibilityGlobals) = postSolution
		SolutionGuid = {A96792EE-0CD9-4560-96E4-81FE038020C3}
	EndGlobalSection
EndGlobal
